
Microsoft Visual Studio Solution File, Format Version 12.00
# Visual Studio Version 17
VisualStudioVersion = 17.4.33205.214
MinimumVisualStudioVersion = 10.0.40219.1
Project("{8BC9CEB8-8B4A-11D0-8D11-00A0C91BC942}") = "OpenCVApp", "OpenCVApp\OpenCVApp.vcxproj", "{053BB7F4-0C7F-4B62-82CA-9D011A86075E}"
EndProject
Project("{8BC9CEB8-8B4A-11D0-8D11-00A0C91BC942}") = "dll_circle", "dll_circle\dll_circle.vcxproj", "{B197B62C-CB40-4EF5-A401-175E5644515D}"
EndProject
Project("{8BC9CEB8-8B4A-11D0-8D11-00A0C91BC942}") = "lib_triangle", "lib_triangle\lib_triangle.vcxproj", "{594E1BD0-255D-437B-889E-613357899DF3}"
EndProject
Project("{8BC9CEB8-8B4A-11D0-8D11-00A0C91BC942}") = "dllRectangle", "dllRectangle\dllRectangle.vcxproj", "{9C7401CE-74EC-4EA0-94BB-D38D6652311B}"
EndProject
Project("{8BC9CEB8-8B4A-11D0-8D11-00A0C91BC942}") = "dllPolygone", "dllPolygone\dllPolygone.vcxproj", "{C492EA69-8C2B-4BE2-913A-9AF1A4A3A58F}"
EndProject
Global
	GlobalSection(SolutionConfigurationPlatforms) = preSolution
		Debug|x64 = Debug|x64
		Debug|x86 = Debug|x86
		Release|x64 = Release|x64
		Release|x86 = Release|x86
	EndGlobalSection
	GlobalSection(ProjectConfigurationPlatforms) = postSolution
		{053BB7F4-0C7F-4B62-82CA-9D011A86075E}.Debug|x64.ActiveCfg = Debug|x64
		{053BB7F4-0C7F-4B62-82CA-9D011A86075E}.Debug|x64.Build.0 = Debug|x64
		{053BB7F4-0C7F-4B62-82CA-9D011A86075E}.Debug|x86.ActiveCfg = Debug|Win32
		{053BB7F4-0C7F-4B62-82CA-9D011A86075E}.Debug|x86.Build.0 = Debug|Win32
		{053BB7F4-0C7F-4B62-82CA-9D011A86075E}.Release|x64.ActiveCfg = Release|x64
		{053BB7F4-0C7F-4B62-82CA-9D011A86075E}.Release|x64.Build.0 = Release|x64
		{053BB7F4-0C7F-4B62-82CA-9D011A86075E}.Release|x86.ActiveCfg = Release|Win32
		{053BB7F4-0C7F-4B62-82CA-9D011A86075E}.Release|x86.Build.0 = Release|Win32
		{B197B62C-CB40-4EF5-A401-175E5644515D}.Debug|x64.ActiveCfg = Debug|x64
		{B197B62C-CB40-4EF5-A401-175E5644515D}.Debug|x64.Build.0 = Debug|x64
		{B197B62C-CB40-4EF5-A401-175E5644515D}.Debug|x86.ActiveCfg = Debug|Win32
		{B197B62C-CB40-4EF5-A401-175E5644515D}.Debug|x86.Build.0 = Debug|Win32
		{B197B62C-CB40-4EF5-A401-175E5644515D}.Release|x64.ActiveCfg = Release|x64
		{B197B62C-CB40-4EF5-A401-175E5644515D}.Release|x64.Build.0 = Release|x64
		{B197B62C-CB40-4EF5-A401-175E5644515D}.Release|x86.ActiveCfg = Release|Win32
		{B197B62C-CB40-4EF5-A401-175E5644515D}.Release|x86.Build.0 = Release|Win32
		{594E1BD0-255D-437B-889E-613357899DF3}.Debug|x64.ActiveCfg = Debug|x64
		{594E1BD0-255D-437B-889E-613357899DF3}.Debug|x64.Build.0 = Debug|x64
		{594E1BD0-255D-437B-889E-613357899DF3}.Debug|x86.ActiveCfg = Debug|Win32
		{594E1BD0-255D-437B-889E-613357899DF3}.Debug|x86.Build.0 = Debug|Win32
		{594E1BD0-255D-437B-889E-613357899DF3}.Release|x64.ActiveCfg = Release|x64
		{594E1BD0-255D-437B-889E-613357899DF3}.Release|x64.Build.0 = Release|x64
		{594E1BD0-255D-437B-889E-613357899DF3}.Release|x86.ActiveCfg = Release|Win32
		{594E1BD0-255D-437B-889E-613357899DF3}.Release|x86.Build.0 = Release|Win32
		{9C7401CE-74EC-4EA0-94BB-D38D6652311B}.Debug|x64.ActiveCfg = Debug|x64
		{9C7401CE-74EC-4EA0-94BB-D38D6652311B}.Debug|x64.Build.0 = Debug|x64
		{9C7401CE-74EC-4EA0-94BB-D38D6652311B}.Debug|x86.ActiveCfg = Debug|Win32
		{9C7401CE-74EC-4EA0-94BB-D38D6652311B}.Debug|x86.Build.0 = Debug|Win32
		{9C7401CE-74EC-4EA0-94BB-D38D6652311B}.Release|x64.ActiveCfg = Release|x64
		{9C7401CE-74EC-4EA0-94BB-D38D6652311B}.Release|x64.Build.0 = Release|x64
		{9C7401CE-74EC-4EA0-94BB-D38D6652311B}.Release|x86.ActiveCfg = Release|Win32
		{9C7401CE-74EC-4EA0-94BB-D38D6652311B}.Release|x86.Build.0 = Release|Win32
		{C492EA69-8C2B-4BE2-913A-9AF1A4A3A58F}.Debug|x64.ActiveCfg = Debug|x64
		{C492EA69-8C2B-4BE2-913A-9AF1A4A3A58F}.Debug|x64.Build.0 = Debug|x64
		{C492EA69-8C2B-4BE2-913A-9AF1A4A3A58F}.Debug|x86.ActiveCfg = Debug|Win32
		{C492EA69-8C2B-4BE2-913A-9AF1A4A3A58F}.Debug|x86.Build.0 = Debug|Win32
		{C492EA69-8C2B-4BE2-913A-9AF1A4A3A58F}.Release|x64.ActiveCfg = Release|x64
		{C492EA69-8C2B-4BE2-913A-9AF1A4A3A58F}.Release|x64.Build.0 = Release|x64
		{C492EA69-8C2B-4BE2-913A-9AF1A4A3A58F}.Release|x86.ActiveCfg = Release|Win32
		{C492EA69-8C2B-4BE2-913A-9AF1A4A3A58F}.Release|x86.Build.0 = Release|Win32
	EndGlobalSection
	GlobalSection(SolutionProperties) = preSolution
		HideSolutionNode = FALSE
	EndGlobalSection
	GlobalSection(ExtensibilityGlobals) = postSolution
		SolutionGuid = {8FD1FBF9-EB5C-4A13-9D0F-35DF32B7B83F}
	EndGlobalSection
EndGlobal
